
Microsoft Visual Studio Solution File, Format Version 12.00
# Visual Studio 15
VisualStudioVersion = 15.0.26430.6
MinimumVisualStudioVersion = 10.0.40219.1
Project("{9A19103F-16F7-4668-BE54-9A1E7A4F7556}") = "warsztaty.webapi", "warsztaty.webapi\warsztaty.webapi.csproj", "{F14B457D-8D34-4BD1-A301-FB5FCD12CAC1}"
EndProject
Project("{9A19103F-16F7-4668-BE54-9A1E7A4F7556}") = "warsztaty.service", "warsztaty.service\warsztaty.service.csproj", "{6727FA66-E328-414F-8FE1-59DB1AD88DD3}"
EndProject
Project("{9A19103F-16F7-4668-BE54-9A1E7A4F7556}") = "warsztaty.messages", "warsztaty.messages\warsztaty.messages.csproj", "{CFF249A1-D308-4AF3-A213-6BEEDE80C2DE}"
EndProject
Global
	GlobalSection(SolutionConfigurationPlatforms) = preSolution
		Debug|Any CPU = Debug|Any CPU
		Release|Any CPU = Release|Any CPU
	EndGlobalSection
	GlobalSection(ProjectConfigurationPlatforms) = postSolution
		{F14B457D-8D34-4BD1-A301-FB5FCD12CAC1}.Debug|Any CPU.ActiveCfg = Debug|Any CPU
		{F14B457D-8D34-4BD1-A301-FB5FCD12CAC1}.Debug|Any CPU.Build.0 = Debug|Any CPU
		{F14B457D-8D34-4BD1-A301-FB5FCD12CAC1}.Release|Any CPU.ActiveCfg = Release|Any CPU
		{F14B457D-8D34-4BD1-A301-FB5FCD12CAC1}.Release|Any CPU.Build.0 = Release|Any CPU
		{6727FA66-E328-414F-8FE1-59DB1AD88DD3}.Debug|Any CPU.ActiveCfg = Debug|Any CPU
		{6727FA66-E328-414F-8FE1-59DB1AD88DD3}.Debug|Any CPU.Build.0 = Debug|Any CPU
		{6727FA66-E328-414F-8FE1-59DB1AD88DD3}.Release|Any CPU.ActiveCfg = Release|Any CPU
		{6727FA66-E328-414F-8FE1-59DB1AD88DD3}.Release|Any CPU.Build.0 = Release|Any CPU
		{CFF249A1-D308-4AF3-A213-6BEEDE80C2DE}.Debug|Any CPU.ActiveCfg = Debug|Any CPU
		{CFF249A1-D308-4AF3-A213-6BEEDE80C2DE}.Debug|Any CPU.Build.0 = Debug|Any CPU
		{CFF249A1-D308-4AF3-A213-6BEEDE80C2DE}.Release|Any CPU.ActiveCfg = Release|Any CPU
		{CFF249A1-D308-4AF3-A213-6BEEDE80C2DE}.Release|Any CPU.Build.0 = Release|Any CPU
	EndGlobalSection
	GlobalSection(SolutionProperties) = preSolution
		HideSolutionNode = FALSE
	EndGlobalSection
EndGlobal
